// !$*UTF8*$!
{
	archiveVersion = 1;
	classes = {
	};
	objectVersion = 56;
	objects = {

/* Begin PBXBuildFile section */
		A05A36532A32265E005B9171 /* AppDelegate.swift in Sources */ = {isa = PBXBuildFile; fileRef = A05A36522A32265E005B9171 /* AppDelegate.swift */; };
		A05A36552A32265E005B9171 /* SceneDelegate.swift in Sources */ = {isa = PBXBuildFile; fileRef = A05A36542A32265E005B9171 /* SceneDelegate.swift */; };
		A05A36572A32265E005B9171 /* CourseViewController.swift in Sources */ = {isa = PBXBuildFile; fileRef = A05A36562A32265E005B9171 /* CourseViewController.swift */; };
		A05A365A2A32265E005B9171 /* Main.storyboard in Resources */ = {isa = PBXBuildFile; fileRef = A05A36582A32265E005B9171 /* Main.storyboard */; };
		A05A365C2A32265F005B9171 /* Assets.xcassets in Resources */ = {isa = PBXBuildFile; fileRef = A05A365B2A32265F005B9171 /* Assets.xcassets */; };
		A05A365F2A32265F005B9171 /* LaunchScreen.storyboard in Resources */ = {isa = PBXBuildFile; fileRef = A05A365D2A32265F005B9171 /* LaunchScreen.storyboard */; };
		A05A366A2A322660005B9171 /* MyFirstAppTests.swift in Sources */ = {isa = PBXBuildFile; fileRef = A05A36692A322660005B9171 /* MyFirstAppTests.swift */; };
		A05A36742A322660005B9171 /* MyFirstAppUITests.swift in Sources */ = {isa = PBXBuildFile; fileRef = A05A36732A322660005B9171 /* MyFirstAppUITests.swift */; };
		A05A36762A322660005B9171 /* MyFirstAppUITestsLaunchTests.swift in Sources */ = {isa = PBXBuildFile; fileRef = A05A36752A322660005B9171 /* MyFirstAppUITestsLaunchTests.swift */; };
		A05A36842A322AD0005B9171 /* Lecture.swift in Sources */ = {isa = PBXBuildFile; fileRef = A05A36832A322AD0005B9171 /* Lecture.swift */; };
		A05A36862A322B99005B9171 /* Course.swift in Sources */ = {isa = PBXBuildFile; fileRef = A05A36852A322B99005B9171 /* Course.swift */; };
		A05A36892A322C76005B9171 /* course.json in Resources */ = {isa = PBXBuildFile; fileRef = A05A36882A322C76005B9171 /* course.json */; };
		A05A368B2A322DF1005B9171 /* CourseStorage.swift in Sources */ = {isa = PBXBuildFile; fileRef = A05A368A2A322DF1005B9171 /* CourseStorage.swift */; };
		A05A368E2A3248CE005B9171 /* LectureViewContoller.swift in Sources */ = {isa = PBXBuildFile; fileRef = A05A368D2A3248CE005B9171 /* LectureViewContoller.swift */; };
/* End PBXBuildFile section */

/* Begin PBXContainerItemProxy section */
		A05A36662A322660005B9171 /* PBXContainerItemProxy */ = {
			isa = PBXContainerItemProxy;
			containerPortal = A05A36472A32265E005B9171 /* Project object */;
			proxyType = 1;
			remoteGlobalIDString = A05A364E2A32265E005B9171;
			remoteInfo = MyFirstApp;
		};
		A05A36702A322660005B9171 /* PBXContainerItemProxy */ = {
			isa = PBXContainerItemProxy;
			containerPortal = A05A36472A32265E005B9171 /* Project object */;
			proxyType = 1;
			remoteGlobalIDString = A05A364E2A32265E005B9171;
			remoteInfo = MyFirstApp;
		};
/* End PBXContainerItemProxy section */

/* Begin PBXFileReference section */
		A05A364F2A32265E005B9171 /* MyFirstApp.app */ = {isa = PBXFileReference; explicitFileType = wrapper.application; includeInIndex = 0; path = MyFirstApp.app; sourceTree = BUILT_PRODUCTS_DIR; };
		A05A36522A32265E005B9171 /* AppDelegate.swift */ = {isa = PBXFileReference; lastKnownFileType = sourcecode.swift; path = AppDelegate.swift; sourceTree = "<group>"; };
		A05A36542A32265E005B9171 /* SceneDelegate.swift */ = {isa = PBXFileReference; lastKnownFileType = sourcecode.swift; path = SceneDelegate.swift; sourceTree = "<group>"; };
		A05A36562A32265E005B9171 /* CourseViewController.swift */ = {isa = PBXFileReference; lastKnownFileType = sourcecode.swift; path = CourseViewController.swift; sourceTree = "<group>"; };
		A05A36592A32265E005B9171 /* Base */ = {isa = PBXFileReference; lastKnownFileType = file.storyboard; name = Base; path = Base.lproj/Main.storyboard; sourceTree = "<group>"; };
		A05A365B2A32265F005B9171 /* Assets.xcassets */ = {isa = PBXFileReference; lastKnownFileType = folder.assetcatalog; path = Assets.xcassets; sourceTree = "<group>"; };
		A05A365E2A32265F005B9171 /* Base */ = {isa = PBXFileReference; lastKnownFileType = file.storyboard; name = Base; path = Base.lproj/LaunchScreen.storyboard; sourceTree = "<group>"; };
		A05A36602A32265F005B9171 /* Info.plist */ = {isa = PBXFileReference; lastKnownFileType = text.plist.xml; path = Info.plist; sourceTree = "<group>"; };
		A05A36652A322660005B9171 /* MyFirstAppTests.xctest */ = {isa = PBXFileReference; explicitFileType = wrapper.cfbundle; includeInIndex = 0; path = MyFirstAppTests.xctest; sourceTree = BUILT_PRODUCTS_DIR; };
		A05A36692A322660005B9171 /* MyFirstAppTests.swift */ = {isa = PBXFileReference; lastKnownFileType = sourcecode.swift; path = MyFirstAppTests.swift; sourceTree = "<group>"; };
		A05A366F2A322660005B9171 /* MyFirstAppUITests.xctest */ = {isa = PBXFileReference; explicitFileType = wrapper.cfbundle; includeInIndex = 0; path = MyFirstAppUITests.xctest; sourceTree = BUILT_PRODUCTS_DIR; };
		A05A36732A322660005B9171 /* MyFirstAppUITests.swift */ = {isa = PBXFileReference; lastKnownFileType = sourcecode.swift; path = MyFirstAppUITests.swift; sourceTree = "<group>"; };
		A05A36752A322660005B9171 /* MyFirstAppUITestsLaunchTests.swift */ = {isa = PBXFileReference; lastKnownFileType = sourcecode.swift; path = MyFirstAppUITestsLaunchTests.swift; sourceTree = "<group>"; };
		A05A36832A322AD0005B9171 /* Lecture.swift */ = {isa = PBXFileReference; lastKnownFileType = sourcecode.swift; path = Lecture.swift; sourceTree = "<group>"; };
		A05A36852A322B99005B9171 /* Course.swift */ = {isa = PBXFileReference; lastKnownFileType = sourcecode.swift; path = Course.swift; sourceTree = "<group>"; };
		A05A36882A322C76005B9171 /* course.json */ = {isa = PBXFileReference; fileEncoding = 4; lastKnownFileType = text.json; path = course.json; sourceTree = "<group>"; };
		A05A368A2A322DF1005B9171 /* CourseStorage.swift */ = {isa = PBXFileReference; lastKnownFileType = sourcecode.swift; path = CourseStorage.swift; sourceTree = "<group>"; };
		A05A368D2A3248CE005B9171 /* LectureViewContoller.swift */ = {isa = PBXFileReference; lastKnownFileType = sourcecode.swift; path = LectureViewContoller.swift; sourceTree = "<group>"; };
/* End PBXFileReference section */

/* Begin PBXFrameworksBuildPhase section */
		A05A364C2A32265E005B9171 /* Frameworks */ = {
			isa = PBXFrameworksBuildPhase;
			buildActionMask = 2147483647;
			files = (
			);
			runOnlyForDeploymentPostprocessing = 0;
		};
		A05A36622A322660005B9171 /* Frameworks */ = {
			isa = PBXFrameworksBuildPhase;
			buildActionMask = 2147483647;
			files = (
			);
			runOnlyForDeploymentPostprocessing = 0;
		};
		A05A366C2A322660005B9171 /* Frameworks */ = {
			isa = PBXFrameworksBuildPhase;
			buildActionMask = 2147483647;
			files = (
			);
			runOnlyForDeploymentPostprocessing = 0;
		};
/* End PBXFrameworksBuildPhase section */

/* Begin PBXGroup section */
		A05A36462A32265E005B9171 = {
			isa = PBXGroup;
			children = (
				A05A36512A32265E005B9171 /* MyFirstApp */,
				A05A36682A322660005B9171 /* MyFirstAppTests */,
				A05A36722A322660005B9171 /* MyFirstAppUITests */,
				A05A36502A32265E005B9171 /* Products */,
			);
			sourceTree = "<group>";
		};
		A05A36502A32265E005B9171 /* Products */ = {
			isa = PBXGroup;
			children = (
				A05A364F2A32265E005B9171 /* MyFirstApp.app */,
				A05A36652A322660005B9171 /* MyFirstAppTests.xctest */,
				A05A366F2A322660005B9171 /* MyFirstAppUITests.xctest */,
			);
			name = Products;
			sourceTree = "<group>";
		};
		A05A36512A32265E005B9171 /* MyFirstApp */ = {
			isa = PBXGroup;
			children = (
				A05A368C2A32488C005B9171 /* UI */,
				A05A36872A322C2B005B9171 /* DataAccess */,
				A05A36822A322A9F005B9171 /* Domain */,
				A05A36522A32265E005B9171 /* AppDelegate.swift */,
				A05A36542A32265E005B9171 /* SceneDelegate.swift */,
				A05A36582A32265E005B9171 /* Main.storyboard */,
				A05A365B2A32265F005B9171 /* Assets.xcassets */,
				A05A365D2A32265F005B9171 /* LaunchScreen.storyboard */,
				A05A36602A32265F005B9171 /* Info.plist */,
			);
			path = MyFirstApp;
			sourceTree = "<group>";
		};
		A05A36682A322660005B9171 /* MyFirstAppTests */ = {
			isa = PBXGroup;
			children = (
				A05A36692A322660005B9171 /* MyFirstAppTests.swift */,
			);
			path = MyFirstAppTests;
			sourceTree = "<group>";
		};
		A05A36722A322660005B9171 /* MyFirstAppUITests */ = {
			isa = PBXGroup;
			children = (
				A05A36732A322660005B9171 /* MyFirstAppUITests.swift */,
				A05A36752A322660005B9171 /* MyFirstAppUITestsLaunchTests.swift */,
			);
			path = MyFirstAppUITests;
			sourceTree = "<group>";
		};
		A05A36822A322A9F005B9171 /* Domain */ = {
			isa = PBXGroup;
			children = (
				A05A36832A322AD0005B9171 /* Lecture.swift */,
				A05A36852A322B99005B9171 /* Course.swift */,
			);
			path = Domain;
			sourceTree = "<group>";
		};
		A05A36872A322C2B005B9171 /* DataAccess */ = {
			isa = PBXGroup;
			children = (
				A05A36882A322C76005B9171 /* course.json */,
				A05A368A2A322DF1005B9171 /* CourseStorage.swift */,
			);
			path = DataAccess;
			sourceTree = "<group>";
		};
		A05A368C2A32488C005B9171 /* UI */ = {
			isa = PBXGroup;
			children = (
				A05A36562A32265E005B9171 /* CourseViewController.swift */,
				A05A368D2A3248CE005B9171 /* LectureViewContoller.swift */,
			);
			path = UI;
			sourceTree = "<group>";
		};
/* End PBXGroup section */

/* Begin PBXNativeTarget section */
		A05A364E2A32265E005B9171 /* MyFirstApp */ = {
			isa = PBXNativeTarget;
			buildConfigurationList = A05A36792A322660005B9171 /* Build configuration list for PBXNativeTarget "MyFirstApp" */;
			buildPhases = (
				A05A364B2A32265E005B9171 /* Sources */,
				A05A364C2A32265E005B9171 /* Frameworks */,
				A05A364D2A32265E005B9171 /* Resources */,
			);
			buildRules = (
			);
			dependencies = (
			);
			name = MyFirstApp;
			productName = MyFirstApp;
			productReference = A05A364F2A32265E005B9171 /* MyFirstApp.app */;
			productType = "com.apple.product-type.application";
		};
		A05A36642A322660005B9171 /* MyFirstAppTests */ = {
			isa = PBXNativeTarget;
			buildConfigurationList = A05A367C2A322660005B9171 /* Build configuration list for PBXNativeTarget "MyFirstAppTests" */;
			buildPhases = (
				A05A36612A322660005B9171 /* Sources */,
				A05A36622A322660005B9171 /* Frameworks */,
				A05A36632A322660005B9171 /* Resources */,
			);
			buildRules = (
			);
			dependencies = (
				A05A36672A322660005B9171 /* PBXTargetDependency */,
			);
			name = MyFirstAppTests;
			productName = MyFirstAppTests;
			productReference = A05A36652A322660005B9171 /* MyFirstAppTests.xctest */;
			productType = "com.apple.product-type.bundle.unit-test";
		};
		A05A366E2A322660005B9171 /* MyFirstAppUITests */ = {
			isa = PBXNativeTarget;
			buildConfigurationList = A05A367F2A322660005B9171 /* Build configuration list for PBXNativeTarget "MyFirstAppUITests" */;
			buildPhases = (
				A05A366B2A322660005B9171 /* Sources */,
				A05A366C2A322660005B9171 /* Frameworks */,
				A05A366D2A322660005B9171 /* Resources */,
			);
			buildRules = (
			);
			dependencies = (
				A05A36712A322660005B9171 /* PBXTargetDependency */,
			);
			name = MyFirstAppUITests;
			productName = MyFirstAppUITests;
			productReference = A05A366F2A322660005B9171 /* MyFirstAppUITests.xctest */;
			productType = "com.apple.product-type.bundle.ui-testing";
		};
/* End PBXNativeTarget section */

/* Begin PBXProject section */
		A05A36472A32265E005B9171 /* Project object */ = {
			isa = PBXProject;
			attributes = {
				BuildIndependentTargetsInParallel = 1;
				LastSwiftUpdateCheck = 1430;
				LastUpgradeCheck = 1430;
				TargetAttributes = {
					A05A364E2A32265E005B9171 = {
						CreatedOnToolsVersion = 14.3.1;
					};
					A05A36642A322660005B9171 = {
						CreatedOnToolsVersion = 14.3.1;
						TestTargetID = A05A364E2A32265E005B9171;
					};
					A05A366E2A322660005B9171 = {
						CreatedOnToolsVersion = 14.3.1;
						TestTargetID = A05A364E2A32265E005B9171;
					};
				};
			};
			buildConfigurationList = A05A364A2A32265E005B9171 /* Build configuration list for PBXProject "MyFirstApp" */;
			compatibilityVersion = "Xcode 14.0";
			developmentRegion = en;
			hasScannedForEncodings = 0;
			knownRegions = (
				en,
				Base,
			);
			mainGroup = A05A36462A32265E005B9171;
			productRefGroup = A05A36502A32265E005B9171 /* Products */;
			projectDirPath = "";
			projectRoot = "";
			targets = (
				A05A364E2A32265E005B9171 /* MyFirstApp */,
				A05A36642A322660005B9171 /* MyFirstAppTests */,
				A05A366E2A322660005B9171 /* MyFirstAppUITests */,
			);
		};
/* End PBXProject section */

/* Begin PBXResourcesBuildPhase section */
		A05A364D2A32265E005B9171 /* Resources */ = {
			isa = PBXResourcesBuildPhase;
			buildActionMask = 2147483647;
			files = (
				A05A36892A322C76005B9171 /* course.json in Resources */,
				A05A365F2A32265F005B9171 /* LaunchScreen.storyboard in Resources */,
				A05A365C2A32265F005B9171 /* Assets.xcassets in Resources */,
				A05A365A2A32265E005B9171 /* Main.storyboard in Resources */,
			);
			runOnlyForDeploymentPostprocessing = 0;
		};
		A05A36632A322660005B9171 /* Resources */ = {
			isa = PBXResourcesBuildPhase;
			buildActionMask = 2147483647;
			files = (
			);
			runOnlyForDeploymentPostprocessing = 0;
		};
		A05A366D2A322660005B9171 /* Resources */ = {
			isa = PBXResourcesBuildPhase;
			buildActionMask = 2147483647;
			files = (
			);
			runOnlyForDeploymentPostprocessing = 0;
		};
/* End PBXResourcesBuildPhase section */

/* Begin PBXSourcesBuildPhase section */
		A05A364B2A32265E005B9171 /* Sources */ = {
			isa = PBXSourcesBuildPhase;
			buildActionMask = 2147483647;
			files = (
				A05A368B2A322DF1005B9171 /* CourseStorage.swift in Sources */,
				A05A36842A322AD0005B9171 /* Lecture.swift in Sources */,
				A05A36572A32265E005B9171 /* CourseViewController.swift in Sources */,
				A05A368E2A3248CE005B9171 /* LectureViewContoller.swift in Sources */,
				A05A36862A322B99005B9171 /* Course.swift in Sources */,
				A05A36532A32265E005B9171 /* AppDelegate.swift in Sources */,
				A05A36552A32265E005B9171 /* SceneDelegate.swift in Sources */,
			);
			runOnlyForDeploymentPostprocessing = 0;
		};
		A05A36612A322660005B9171 /* Sources */ = {
			isa = PBXSourcesBuildPhase;
			buildActionMask = 2147483647;
			files = (
				A05A366A2A322660005B9171 /* MyFirstAppTests.swift in Sources */,
			);
			runOnlyForDeploymentPostprocessing = 0;
		};
		A05A366B2A322660005B9171 /* Sources */ = {
			isa = PBXSourcesBuildPhase;
			buildActionMask = 2147483647;
			files = (
				A05A36742A322660005B9171 /* MyFirstAppUITests.swift in Sources */,
				A05A36762A322660005B9171 /* MyFirstAppUITestsLaunchTests.swift in Sources */,
			);
			runOnlyForDeploymentPostprocessing = 0;
		};
/* End PBXSourcesBuildPhase section */

/* Begin PBXTargetDependency section */
		A05A36672A322660005B9171 /* PBXTargetDependency */ = {
			isa = PBXTargetDependency;
			target = A05A364E2A32265E005B9171 /* MyFirstApp */;
			targetProxy = A05A36662A322660005B9171 /* PBXContainerItemProxy */;
		};
		A05A36712A322660005B9171 /* PBXTargetDependency */ = {
			isa = PBXTargetDependency;
			target = A05A364E2A32265E005B9171 /* MyFirstApp */;
			targetProxy = A05A36702A322660005B9171 /* PBXContainerItemProxy */;
		};
/* End PBXTargetDependency section */

/* Begin PBXVariantGroup section */
		A05A36582A32265E005B9171 /* Main.storyboard */ = {
			isa = PBXVariantGroup;
			children = (
				A05A36592A32265E005B9171 /* Base */,
			);
			name = Main.storyboard;
			sourceTree = "<group>";
		};
		A05A365D2A32265F005B9171 /* LaunchScreen.storyboard */ = {
			isa = PBXVariantGroup;
			children = (
				A05A365E2A32265F005B9171 /* Base */,
			);
			name = LaunchScreen.storyboard;
			sourceTree = "<group>";
		};
/* End PBXVariantGroup section */

/* Begin XCBuildConfiguration section */
		A05A36772A322660005B9171 /* Debug */ = {
			isa = XCBuildConfiguration;
			buildSettings = {
				ALWAYS_SEARCH_USER_PATHS = NO;
				CLANG_ANALYZER_NONNULL = YES;
				CLANG_ANALYZER_NUMBER_OBJECT_CONVERSION = YES_AGGRESSIVE;
				CLANG_CXX_LANGUAGE_STANDARD = "gnu++20";
				CLANG_ENABLE_MODULES = YES;
				CLANG_ENABLE_OBJC_ARC = YES;
				CLANG_ENABLE_OBJC_WEAK = YES;
				CLANG_WARN_BLOCK_CAPTURE_AUTORELEASING = YES;
				CLANG_WARN_BOOL_CONVERSION = YES;
				CLANG_WARN_COMMA = YES;
				CLANG_WARN_CONSTANT_CONVERSION = YES;
				CLANG_WARN_DEPRECATED_OBJC_IMPLEMENTATIONS = YES;
				CLANG_WARN_DIRECT_OBJC_ISA_USAGE = YES_ERROR;
				CLANG_WARN_DOCUMENTATION_COMMENTS = YES;
				CLANG_WARN_EMPTY_BODY = YES;
				CLANG_WARN_ENUM_CONVERSION = YES;
				CLANG_WARN_INFINITE_RECURSION = YES;
				CLANG_WARN_INT_CONVERSION = YES;
				CLANG_WARN_NON_LITERAL_NULL_CONVERSION = YES;
				CLANG_WARN_OBJC_IMPLICIT_RETAIN_SELF = YES;
				CLANG_WARN_OBJC_LITERAL_CONVERSION = YES;
				CLANG_WARN_OBJC_ROOT_CLASS = YES_ERROR;
				CLANG_WARN_QUOTED_INCLUDE_IN_FRAMEWORK_HEADER = YES;
				CLANG_WARN_RANGE_LOOP_ANALYSIS = YES;
				CLANG_WARN_STRICT_PROTOTYPES = YES;
				CLANG_WARN_SUSPICIOUS_MOVE = YES;
				CLANG_WARN_UNGUARDED_AVAILABILITY = YES_AGGRESSIVE;
				CLANG_WARN_UNREACHABLE_CODE = YES;
				CLANG_WARN__DUPLICATE_METHOD_MATCH = YES;
				COPY_PHASE_STRIP = NO;
				DEBUG_INFORMATION_FORMAT = dwarf;
				ENABLE_STRICT_OBJC_MSGSEND = YES;
				ENABLE_TESTABILITY = YES;
				GCC_C_LANGUAGE_STANDARD = gnu11;
				GCC_DYNAMIC_NO_PIC = NO;
				GCC_NO_COMMON_BLOCKS = YES;
				GCC_OPTIMIZATION_LEVEL = 0;
				GCC_PREPROCESSOR_DEFINITIONS = (
					"DEBUG=1",
					"$(inherited)",
				);
				GCC_WARN_64_TO_32_BIT_CONVERSION = YES;
				GCC_WARN_ABOUT_RETURN_TYPE = YES_ERROR;
				GCC_WARN_UNDECLARED_SELECTOR = YES;
				GCC_WARN_UNINITIALIZED_AUTOS = YES_AGGRESSIVE;
				GCC_WARN_UNUSED_FUNCTION = YES;
				GCC_WARN_UNUSED_VARIABLE = YES;
				IPHONEOS_DEPLOYMENT_TARGET = 16.4;
				MTL_ENABLE_DEBUG_INFO = INCLUDE_SOURCE;
				MTL_FAST_MATH = YES;
				ONLY_ACTIVE_ARCH = YES;
				SDKROOT = iphoneos;
				SWIFT_ACTIVE_COMPILATION_CONDITIONS = DEBUG;
				SWIFT_OPTIMIZATION_LEVEL = "-Onone";
			};
			name = Debug;
		};
		A05A36782A322660005B9171 /* Release */ = {
			isa = XCBuildConfiguration;
			buildSettings = {
				ALWAYS_SEARCH_USER_PATHS = NO;
				CLANG_ANALYZER_NONNULL = YES;
				CLANG_ANALYZER_NUMBER_OBJECT_CONVERSION = YES_AGGRESSIVE;
				CLANG_CXX_LANGUAGE_STANDARD = "gnu++20";
				CLANG_ENABLE_MODULES = YES;
				CLANG_ENABLE_OBJC_ARC = YES;
				CLANG_ENABLE_OBJC_WEAK = YES;
				CLANG_WARN_BLOCK_CAPTURE_AUTORELEASING = YES;
				CLANG_WARN_BOOL_CONVERSION = YES;
				CLANG_WARN_COMMA = YES;
				CLANG_WARN_CONSTANT_CONVERSION = YES;
				CLANG_WARN_DEPRECATED_OBJC_IMPLEMENTATIONS = YES;
				CLANG_WARN_DIRECT_OBJC_ISA_USAGE = YES_ERROR;
				CLANG_WARN_DOCUMENTATION_COMMENTS = YES;
				CLANG_WARN_EMPTY_BODY = YES;
				CLANG_WARN_ENUM_CONVERSION = YES;
				CLANG_WARN_INFINITE_RECURSION = YES;
				CLANG_WARN_INT_CONVERSION = YES;
				CLANG_WARN_NON_LITERAL_NULL_CONVERSION = YES;
				CLANG_WARN_OBJC_IMPLICIT_RETAIN_SELF = YES;
				CLANG_WARN_OBJC_LITERAL_CONVERSION = YES;
				CLANG_WARN_OBJC_ROOT_CLASS = YES_ERROR;
				CLANG_WARN_QUOTED_INCLUDE_IN_FRAMEWORK_HEADER = YES;
				CLANG_WARN_RANGE_LOOP_ANALYSIS = YES;
				CLANG_WARN_STRICT_PROTOTYPES = YES;
				CLANG_WARN_SUSPICIOUS_MOVE = YES;
				CLANG_WARN_UNGUARDED_AVAILABILITY = YES_AGGRESSIVE;
				CLANG_WARN_UNREACHABLE_CODE = YES;
				CLANG_WARN__DUPLICATE_METHOD_MATCH = YES;
				COPY_PHASE_STRIP = NO;
				DEBUG_INFORMATION_FORMAT = "dwarf-with-dsym";
				ENABLE_NS_ASSERTIONS = NO;
				ENABLE_STRICT_OBJC_MSGSEND = YES;
				GCC_C_LANGUAGE_STANDARD = gnu11;
				GCC_NO_COMMON_BLOCKS = YES;
				GCC_WARN_64_TO_32_BIT_CONVERSION = YES;
				GCC_WARN_ABOUT_RETURN_TYPE = YES_ERROR;
				GCC_WARN_UNDECLARED_SELECTOR = YES;
				GCC_WARN_UNINITIALIZED_AUTOS = YES_AGGRESSIVE;
				GCC_WARN_UNUSED_FUNCTION = YES;
				GCC_WARN_UNUSED_VARIABLE = YES;
				IPHONEOS_DEPLOYMENT_TARGET = 16.4;
				MTL_ENABLE_DEBUG_INFO = NO;
				MTL_FAST_MATH = YES;
				SDKROOT = iphoneos;
				SWIFT_COMPILATION_MODE = wholemodule;
				SWIFT_OPTIMIZATION_LEVEL = "-O";
				VALIDATE_PRODUCT = YES;
			};
			name = Release;
		};
		A05A367A2A322660005B9171 /* Debug */ = {
			isa = XCBuildConfiguration;
			buildSettings = {
				ASSETCATALOG_COMPILER_APPICON_NAME = AppIcon;
				ASSETCATALOG_COMPILER_GLOBAL_ACCENT_COLOR_NAME = AccentColor;
				CODE_SIGN_STYLE = Automatic;
				CURRENT_PROJECT_VERSION = 1;
				DEVELOPMENT_TEAM = VF99D85H4J;
				GENERATE_INFOPLIST_FILE = YES;
				INFOPLIST_FILE = MyFirstApp/Info.plist;
				INFOPLIST_KEY_UIApplicationSupportsIndirectInputEvents = YES;
				INFOPLIST_KEY_UILaunchStoryboardName = LaunchScreen;
				INFOPLIST_KEY_UIMainStoryboardFile = Main;
				INFOPLIST_KEY_UISupportedInterfaceOrientations_iPad = "UIInterfaceOrientationPortrait UIInterfaceOrientationPortraitUpsideDown UIInterfaceOrientationLandscapeLeft UIInterfaceOrientationLandscapeRight";
				INFOPLIST_KEY_UISupportedInterfaceOrientations_iPhone = "UIInterfaceOrientationPortrait UIInterfaceOrientationLandscapeLeft UIInterfaceOrientationLandscapeRight";
				IPHONEOS_DEPLOYMENT_TARGET = 15.0;
				LD_RUNPATH_SEARCH_PATHS = (
					"$(inherited)",
					"@executable_path/Frameworks",
				);
				MARKETING_VERSION = 1.0;
				PRODUCT_BUNDLE_IDENTIFIER = mshornikov.MyFirstApp;
				PRODUCT_NAME = "$(TARGET_NAME)";
				SWIFT_EMIT_LOC_STRINGS = YES;
				SWIFT_VERSION = 5.0;
				TARGETED_DEVICE_FAMILY = "1,2";
			};
			name = Debug;
		};
		A05A367B2A322660005B9171 /* Release */ = {
			isa = XCBuildConfiguration;
			buildSettings = {
				ASSETCATALOG_COMPILER_APPICON_NAME = AppIcon;
				ASSETCATALOG_COMPILER_GLOBAL_ACCENT_COLOR_NAME = AccentColor;
				CODE_SIGN_STYLE = Automatic;
				CURRENT_PROJECT_VERSION = 1;
				DEVELOPMENT_TEAM = VF99D85H4J;
				GENERATE_INFOPLIST_FILE = YES;
				INFOPLIST_FILE = MyFirstApp/Info.plist;
				INFOPLIST_KEY_UIApplicationSupportsIndirectInputEvents = YES;
				INFOPLIST_KEY_UILaunchStoryboardName = LaunchScreen;
				INFOPLIST_KEY_UIMainStoryboardFile = Main;
				INFOPLIST_KEY_UISupportedInterfaceOrientations_iPad = "UIInterfaceOrientationPortrait UIInterfaceOrientationPortraitUpsideDown UIInterfaceOrientationLandscapeLeft UIInterfaceOrientationLandscapeRight";
				INFOPLIST_KEY_UISupportedInterfaceOrientations_iPhone = "UIInterfaceOrientationPortrait UIInterfaceOrientationLandscapeLeft UIInterfaceOrientationLandscapeRight";
				IPHONEOS_DEPLOYMENT_TARGET = 15.0;
				LD_RUNPATH_SEARCH_PATHS = (
					"$(inherited)",
					"@executable_path/Frameworks",
				);
				MARKETING_VERSION = 1.0;
				PRODUCT_BUNDLE_IDENTIFIER = mshornikov.MyFirstApp;
				PRODUCT_NAME = "$(TARGET_NAME)";
				SWIFT_EMIT_LOC_STRINGS = YES;
				SWIFT_VERSION = 5.0;
				TARGETED_DEVICE_FAMILY = "1,2";
			};
			name = Release;
		};
		A05A367D2A322660005B9171 /* Debug */ = {
			isa = XCBuildConfiguration;
			buildSettings = {
				ALWAYS_EMBED_SWIFT_STANDARD_LIBRARIES = YES;
				BUNDLE_LOADER = "$(TEST_HOST)";
				CODE_SIGN_STYLE = Automatic;
				CURRENT_PROJECT_VERSION = 1;
				DEVELOPMENT_TEAM = VF99D85H4J;
				GENERATE_INFOPLIST_FILE = YES;
				IPHONEOS_DEPLOYMENT_TARGET = 16.4;
				MARKETING_VERSION = 1.0;
				PRODUCT_BUNDLE_IDENTIFIER = mshornikov.MyFirstAppTests;
				PRODUCT_NAME = "$(TARGET_NAME)";
				SWIFT_EMIT_LOC_STRINGS = NO;
				SWIFT_VERSION = 5.0;
				TARGETED_DEVICE_FAMILY = "1,2";
				TEST_HOST = "$(BUILT_PRODUCTS_DIR)/MyFirstApp.app/$(BUNDLE_EXECUTABLE_FOLDER_PATH)/MyFirstApp";
			};
			name = Debug;
		};
		A05A367E2A322660005B9171 /* Release */ = {
			isa = XCBuildConfiguration;
			buildSettings = {
				ALWAYS_EMBED_SWIFT_STANDARD_LIBRARIES = YES;
				BUNDLE_LOADER = "$(TEST_HOST)";
				CODE_SIGN_STYLE = Automatic;
				CURRENT_PROJECT_VERSION = 1;
				DEVELOPMENT_TEAM = VF99D85H4J;
				GENERATE_INFOPLIST_FILE = YES;
				IPHONEOS_DEPLOYMENT_TARGET = 16.4;
				MARKETING_VERSION = 1.0;
				PRODUCT_BUNDLE_IDENTIFIER = mshornikov.MyFirstAppTests;
				PRODUCT_NAME = "$(TARGET_NAME)";
				SWIFT_EMIT_LOC_STRINGS = NO;
				SWIFT_VERSION = 5.0;
				TARGETED_DEVICE_FAMILY = "1,2";
				TEST_HOST = "$(BUILT_PRODUCTS_DIR)/MyFirstApp.app/$(BUNDLE_EXECUTABLE_FOLDER_PATH)/MyFirstApp";
			};
			name = Release;
		};
		A05A36802A322660005B9171 /* Debug */ = {
			isa = XCBuildConfiguration;
			buildSettings = {
				ALWAYS_EMBED_SWIFT_STANDARD_LIBRARIES = YES;
				CODE_SIGN_STYLE = Automatic;
				CURRENT_PROJECT_VERSION = 1;
				DEVELOPMENT_TEAM = VF99D85H4J;
				GENERATE_INFOPLIST_FILE = YES;
				MARKETING_VERSION = 1.0;
				PRODUCT_BUNDLE_IDENTIFIER = mshornikov.MyFirstAppUITests;
				PRODUCT_NAME = "$(TARGET_NAME)";
				SWIFT_EMIT_LOC_STRINGS = NO;
				SWIFT_VERSION = 5.0;
				TARGETED_DEVICE_FAMILY = "1,2";
				TEST_TARGET_NAME = MyFirstApp;
			};
			name = Debug;
		};
		A05A36812A322660005B9171 /* Release */ = {
			isa = XCBuildConfiguration;
			buildSettings = {
				ALWAYS_EMBED_SWIFT_STANDARD_LIBRARIES = YES;
				CODE_SIGN_STYLE = Automatic;
				CURRENT_PROJECT_VERSION = 1;
				DEVELOPMENT_TEAM = VF99D85H4J;
				GENERATE_INFOPLIST_FILE = YES;
				MARKETING_VERSION = 1.0;
				PRODUCT_BUNDLE_IDENTIFIER = mshornikov.MyFirstAppUITests;
				PRODUCT_NAME = "$(TARGET_NAME)";
				SWIFT_EMIT_LOC_STRINGS = NO;
				SWIFT_VERSION = 5.0;
				TARGETED_DEVICE_FAMILY = "1,2";
				TEST_TARGET_NAME = MyFirstApp;
			};
			name = Release;
		};
/* End XCBuildConfiguration section */

/* Begin XCConfigurationList section */
		A05A364A2A32265E005B9171 /* Build configuration list for PBXProject "MyFirstApp" */ = {
			isa = XCConfigurationList;
			buildConfigurations = (
				A05A36772A322660005B9171 /* Debug */,
				A05A36782A322660005B9171 /* Release */,
			);
			defaultConfigurationIsVisible = 0;
			defaultConfigurationName = Release;
		};
		A05A36792A322660005B9171 /* Build configuration list for PBXNativeTarget "MyFirstApp" */ = {
			isa = XCConfigurationList;
			buildConfigurations = (
				A05A367A2A322660005B9171 /* Debug */,
				A05A367B2A322660005B9171 /* Release */,
			);
			defaultConfigurationIsVisible = 0;
			defaultConfigurationName = Release;
		};
		A05A367C2A322660005B9171 /* Build configuration list for PBXNativeTarget "MyFirstAppTests" */ = {
			isa = XCConfigurationList;
			buildConfigurations = (
				A05A367D2A322660005B9171 /* Debug */,
				A05A367E2A322660005B9171 /* Release */,
			);
			defaultConfigurationIsVisible = 0;
			defaultConfigurationName = Release;
		};
		A05A367F2A322660005B9171 /* Build configuration list for PBXNativeTarget "MyFirstAppUITests" */ = {
			isa = XCConfigurationList;
			buildConfigurations = (
				A05A36802A322660005B9171 /* Debug */,
				A05A36812A322660005B9171 /* Release */,
			);
			defaultConfigurationIsVisible = 0;
			defaultConfigurationName = Release;
		};
/* End XCConfigurationList section */
	};
	rootObject = A05A36472A32265E005B9171 /* Project object */;
}
